// !$*UTF8*$!
{
	archiveVersion = 1;
	classes = {
	};
	objectVersion = 46;
	objects = {

/* Begin PBXBuildFile section */
		3F61F6151DF9B29B000F95E4 /* AppDelegate.swift in Sources */ = {isa = PBXBuildFile; fileRef = 3F61F6141DF9B29B000F95E4 /* AppDelegate.swift */; };
		3F61F61B1DF9B29B000F95E4 /* GameScene.swift in Sources */ = {isa = PBXBuildFile; fileRef = 3F61F61A1DF9B29B000F95E4 /* GameScene.swift */; };
		3F61F61D1DF9B29B000F95E4 /* GameViewController.swift in Sources */ = {isa = PBXBuildFile; fileRef = 3F61F61C1DF9B29B000F95E4 /* GameViewController.swift */; };
		3F61F6201DF9B29B000F95E4 /* Main.storyboard in Resources */ = {isa = PBXBuildFile; fileRef = 3F61F61E1DF9B29B000F95E4 /* Main.storyboard */; };
		3F61F6221DF9B29B000F95E4 /* Assets.xcassets in Resources */ = {isa = PBXBuildFile; fileRef = 3F61F6211DF9B29B000F95E4 /* Assets.xcassets */; };
		3F61F6251DF9B29B000F95E4 /* LaunchScreen.storyboard in Resources */ = {isa = PBXBuildFile; fileRef = 3F61F6231DF9B29B000F95E4 /* LaunchScreen.storyboard */; };
/* End PBXBuildFile section */

/* Begin PBXFileReference section */
		3F61F6111DF9B29B000F95E4 /* ZennerGuesser.app */ = {isa = PBXFileReference; explicitFileType = wrapper.application; includeInIndex = 0; path = ZennerGuesser.app; sourceTree = BUILT_PRODUCTS_DIR; };
		3F61F6141DF9B29B000F95E4 /* AppDelegate.swift */ = {isa = PBXFileReference; lastKnownFileType = sourcecode.swift; path = AppDelegate.swift; sourceTree = "<group>"; };
		3F61F61A1DF9B29B000F95E4 /* GameScene.swift */ = {isa = PBXFileReference; lastKnownFileType = sourcecode.swift; path = GameScene.swift; sourceTree = "<group>"; };
		3F61F61C1DF9B29B000F95E4 /* GameViewController.swift */ = {isa = PBXFileReference; lastKnownFileType = sourcecode.swift; path = GameViewController.swift; sourceTree = "<group>"; };
		3F61F61F1DF9B29B000F95E4 /* Base */ = {isa = PBXFileReference; lastKnownFileType = file.storyboard; name = Base; path = Base.lproj/Main.storyboard; sourceTree = "<group>"; };
		3F61F6211DF9B29B000F95E4 /* Assets.xcassets */ = {isa = PBXFileReference; lastKnownFileType = folder.assetcatalog; path = Assets.xcassets; sourceTree = "<group>"; };
		3F61F6241DF9B29B000F95E4 /* Base */ = {isa = PBXFileReference; lastKnownFileType = file.storyboard; name = Base; path = Base.lproj/LaunchScreen.storyboard; sourceTree = "<group>"; };
		3F61F6261DF9B29B000F95E4 /* Info.plist */ = {isa = PBXFileReference; lastKnownFileType = text.plist.xml; path = Info.plist; sourceTree = "<group>"; };
/* End PBXFileReference section */

/* Begin PBXFrameworksBuildPhase section */
		3F61F60E1DF9B29A000F95E4 /* Frameworks */ = {
			isa = PBXFrameworksBuildPhase;
			buildActionMask = 2147483647;
			files = (
			);
			runOnlyForDeploymentPostprocessing = 0;
		};
/* End PBXFrameworksBuildPhase section */

/* Begin PBXGroup section */
		3F61F6081DF9B29A000F95E4 = {
			isa = PBXGroup;
			children = (
				3F61F6131DF9B29B000F95E4 /* ZennerGuesser */,
				3F61F6121DF9B29B000F95E4 /* Products */,
			);
			sourceTree = "<group>";
		};
		3F61F6121DF9B29B000F95E4 /* Products */ = {
			isa = PBXGroup;
			children = (
				3F61F6111DF9B29B000F95E4 /* ZennerGuesser.app */,
			);
			name = Products;
			sourceTree = "<group>";
		};
		3F61F6131DF9B29B000F95E4 /* ZennerGuesser */ = {
			isa = PBXGroup;
			children = (
				3F61F6141DF9B29B000F95E4 /* AppDelegate.swift */,
				3F61F61A1DF9B29B000F95E4 /* GameScene.swift */,
				3F61F61C1DF9B29B000F95E4 /* GameViewController.swift */,
				3F61F61E1DF9B29B000F95E4 /* Main.storyboard */,
				3F61F6211DF9B29B000F95E4 /* Assets.xcassets */,
				3F61F6231DF9B29B000F95E4 /* LaunchScreen.storyboard */,
				3F61F6261DF9B29B000F95E4 /* Info.plist */,
			);
			path = ZennerGuesser;
			sourceTree = "<group>";
		};
/* End PBXGroup section */

/* Begin PBXNativeTarget section */
		3F61F6101DF9B29A000F95E4 /* ZennerGuesser */ = {
			isa = PBXNativeTarget;
			buildConfigurationList = 3F61F6291DF9B29B000F95E4 /* Build configuration list for PBXNativeTarget "ZennerGuesser" */;
			buildPhases = (
				3F61F60D1DF9B29A000F95E4 /* Sources */,
				3F61F60E1DF9B29A000F95E4 /* Frameworks */,
				3F61F60F1DF9B29A000F95E4 /* Resources */,
			);
			buildRules = (
			);
			dependencies = (
			);
			name = ZennerGuesser;
			productName = ZennerGuesser;
			productReference = 3F61F6111DF9B29B000F95E4 /* ZennerGuesser.app */;
			productType = "com.apple.product-type.application";
		};
/* End PBXNativeTarget section */

/* Begin PBXProject section */
		3F61F6091DF9B29A000F95E4 /* Project object */ = {
			isa = PBXProject;
			attributes = {
				LastSwiftUpdateCheck = 0810;
				LastUpgradeCheck = 0810;
				ORGANIZATIONNAME = "R.J. Steele";
				TargetAttributes = {
					3F61F6101DF9B29A000F95E4 = {
						CreatedOnToolsVersion = 8.1;
						DevelopmentTeam = E5Z2AU87E8;
						ProvisioningStyle = Automatic;
					};
				};
			};
			buildConfigurationList = 3F61F60C1DF9B29A000F95E4 /* Build configuration list for PBXProject "ZennerGuesser" */;
			compatibilityVersion = "Xcode 3.2";
			developmentRegion = English;
			hasScannedForEncodings = 0;
			knownRegions = (
				en,
				Base,
			);
			mainGroup = 3F61F6081DF9B29A000F95E4;
			productRefGroup = 3F61F6121DF9B29B000F95E4 /* Products */;
			projectDirPath = "";
			projectRoot = "";
			targets = (
				3F61F6101DF9B29A000F95E4 /* ZennerGuesser */,
			);
		};
/* End PBXProject section */

/* Begin PBXResourcesBuildPhase section */
		3F61F60F1DF9B29A000F95E4 /* Resources */ = {
			isa = PBXResourcesBuildPhase;
			buildActionMask = 2147483647;
			files = (
				3F61F6201DF9B29B000F95E4 /* Main.storyboard in Resources */,
				3F61F6221DF9B29B000F95E4 /* Assets.xcassets in Resources */,
				3F61F6251DF9B29B000F95E4 /* LaunchScreen.storyboard in Resources */,
			);
			runOnlyForDeploymentPostprocessing = 0;
		};
/* End PBXResourcesBuildPhase section */

/* Begin PBXSourcesBuildPhase section */
		3F61F60D1DF9B29A000F95E4 /* Sources */ = {
			isa = PBXSourcesBuildPhase;
			buildActionMask = 2147483647;
			files = (
				3F61F61B1DF9B29B000F95E4 /* GameScene.swift in Sources */,
				3F61F61D1DF9B29B000F95E4 /* GameViewController.swift in Sources */,
				3F61F6151DF9B29B000F95E4 /* AppDelegate.swift in Sources */,
			);
			runOnlyForDeploymentPostprocessing = 0;
		};
/* End PBXSourcesBuildPhase section */

/* Begin PBXVariantGroup section */
		3F61F61E1DF9B29B000F95E4 /* Main.storyboard */ = {
			isa = PBXVariantGroup;
			children = (
				3F61F61F1DF9B29B000F95E4 /* Base */,
			);
			name = Main.storyboard;
			sourceTree = "<group>";
		};
		3F61F6231DF9B29B000F95E4 /* LaunchScreen.storyboard */ = {
			isa = PBXVariantGroup;
			children = (
				3F61F6241DF9B29B000F95E4 /* Base */,
			);
			name = LaunchScreen.storyboard;
			sourceTree = "<group>";
		};
/* End PBXVariantGroup section */

/* Begin XCBuildConfiguration section */
		3F61F6271DF9B29B000F95E4 /* Debug */ = {
			isa = XCBuildConfiguration;
			buildSettings = {
				ALWAYS_SEARCH_USER_PATHS = NO;
				CLANG_ANALYZER_NONNULL = YES;
				CLANG_CXX_LANGUAGE_STANDARD = "gnu++0x";
				CLANG_CXX_LIBRARY = "libc++";
				CLANG_ENABLE_MODULES = YES;
				CLANG_ENABLE_OBJC_ARC = YES;
				CLANG_WARN_BOOL_CONVERSION = YES;
				CLANG_WARN_CONSTANT_CONVERSION = YES;
				CLANG_WARN_DIRECT_OBJC_ISA_USAGE = YES_ERROR;
				CLANG_WARN_DOCUMENTATION_COMMENTS = YES;
				CLANG_WARN_EMPTY_BODY = YES;
				CLANG_WARN_ENUM_CONVERSION = YES;
				CLANG_WARN_INFINITE_RECURSION = YES;
				CLANG_WARN_INT_CONVERSION = YES;
				CLANG_WARN_OBJC_ROOT_CLASS = YES_ERROR;
				CLANG_WARN_SUSPICIOUS_MOVES = YES;
				CLANG_WARN_UNREACHABLE_CODE = YES;
				CLANG_WARN__DUPLICATE_METHOD_MATCH = YES;
				"CODE_SIGN_IDENTITY[sdk=iphoneos*]" = "iPhone Developer";
				COPY_PHASE_STRIP = NO;
				DEBUG_INFORMATION_FORMAT = dwarf;
				ENABLE_STRICT_OBJC_MSGSEND = YES;
				ENABLE_TESTABILITY = YES;
				GCC_C_LANGUAGE_STANDARD = gnu99;
				GCC_DYNAMIC_NO_PIC = NO;
				GCC_NO_COMMON_BLOCKS = YES;
				GCC_OPTIMIZATION_LEVEL = 0;
				GCC_PREPROCESSOR_DEFINITIONS = (
					"DEBUG=1",
					"$(inherited)",
				);
				GCC_WARN_64_TO_32_BIT_CONVERSION = YES;
				GCC_WARN_ABOUT_RETURN_TYPE = YES_ERROR;
				GCC_WARN_UNDECLARED_SELECTOR = YES;
				GCC_WARN_UNINITIALIZED_AUTOS = YES_AGGRESSIVE;
				GCC_WARN_UNUSED_FUNCTION = YES;
				GCC_WARN_UNUSED_VARIABLE = YES;
				IPHONEOS_DEPLOYMENT_TARGET = 10.1;
				MTL_ENABLE_DEBUG_INFO = YES;
				ONLY_ACTIVE_ARCH = YES;
				SDKROOT = iphoneos;
				SWIFT_ACTIVE_COMPILATION_CONDITIONS = DEBUG;
				SWIFT_OPTIMIZATION_LEVEL = "-Onone";
			};
			name = Debug;
		};
		3F61F6281DF9B29B000F95E4 /* Release */ = {
			isa = XCBuildConfiguration;
			buildSettings = {
				ALWAYS_SEARCH_USER_PATHS = NO;
				CLANG_ANALYZER_NONNULL = YES;
				CLANG_CXX_LANGUAGE_STANDARD = "gnu++0x";
				CLANG_CXX_LIBRARY = "libc++";
				CLANG_ENABLE_MODULES = YES;
				CLANG_ENABLE_OBJC_ARC = YES;
				CLANG_WARN_BOOL_CONVERSION = YES;
				CLANG_WARN_CONSTANT_CONVERSION = YES;
				CLANG_WARN_DIRECT_OBJC_ISA_USAGE = YES_ERROR;
				CLANG_WARN_DOCUMENTATION_COMMENTS = YES;
				CLANG_WARN_EMPTY_BODY = YES;
				CLANG_WARN_ENUM_CONVERSION = YES;
				CLANG_WARN_INFINITE_RECURSION = YES;
				CLANG_WARN_INT_CONVERSION = YES;
				CLANG_WARN_OBJC_ROOT_CLASS = YES_ERROR;
				CLANG_WARN_SUSPICIOUS_MOVES = YES;
				CLANG_WARN_UNREACHABLE_CODE = YES;
				CLANG_WARN__DUPLICATE_METHOD_MATCH = YES;
				"CODE_SIGN_IDENTITY[sdk=iphoneos*]" = "iPhone Developer";
				COPY_PHASE_STRIP = NO;
				DEBUG_INFORMATION_FORMAT = "dwarf-with-dsym";
				ENABLE_NS_ASSERTIONS = NO;
				ENABLE_STRICT_OBJC_MSGSEND = YES;
				GCC_C_LANGUAGE_STANDARD = gnu99;
				GCC_NO_COMMON_BLOCKS = YES;
				GCC_WARN_64_TO_32_BIT_CONVERSION = YES;
				GCC_WARN_ABOUT_RETURN_TYPE = YES_ERROR;
				GCC_WARN_UNDECLARED_SELECTOR = YES;
				GCC_WARN_UNINITIALIZED_AUTOS = YES_AGGRESSIVE;
				GCC_WARN_UNUSED_FUNCTION = YES;
				GCC_WARN_UNUSED_VARIABLE = YES;
				IPHONEOS_DEPLOYMENT_TARGET = 10.1;
				MTL_ENABLE_DEBUG_INFO = NO;
				SDKROOT = iphoneos;
				SWIFT_OPTIMIZATION_LEVEL = "-Owholemodule";
				VALIDATE_PRODUCT = YES;
			};
			name = Release;
		};
		3F61F62A1DF9B29B000F95E4 /* Debug */ = {
			isa = XCBuildConfiguration;
			buildSettings = {
				ASSETCATALOG_COMPILER_APPICON_NAME = AppIcon;
				DEVELOPMENT_TEAM = E5Z2AU87E8;
				INFOPLIST_FILE = ZennerGuesser/Info.plist;
				LD_RUNPATH_SEARCH_PATHS = "$(inherited) @executable_path/Frameworks";
				PRODUCT_BUNDLE_IDENTIFIER = ca.on.rsgc.ZennerGuesser;
				PRODUCT_NAME = "$(TARGET_NAME)";
				SWIFT_VERSION = 3.0;
			};
			name = Debug;
		};
		3F61F62B1DF9B29B000F95E4 /* Release */ = {
			isa = XCBuildConfiguration;
			buildSettings = {
				ASSETCATALOG_COMPILER_APPICON_NAME = AppIcon;
				DEVELOPMENT_TEAM = E5Z2AU87E8;
				INFOPLIST_FILE = ZennerGuesser/Info.plist;
				LD_RUNPATH_SEARCH_PATHS = "$(inherited) @executable_path/Frameworks";
				PRODUCT_BUNDLE_IDENTIFIER = ca.on.rsgc.ZennerGuesser;
				PRODUCT_NAME = "$(TARGET_NAME)";
				SWIFT_VERSION = 3.0;
			};
			name = Release;
		};
/* End XCBuildConfiguration section */

/* Begin XCConfigurationList section */
		3F61F60C1DF9B29A000F95E4 /* Build configuration list for PBXProject "ZennerGuesser" */ = {
			isa = XCConfigurationList;
			buildConfigurations = (
				3F61F6271DF9B29B000F95E4 /* Debug */,
				3F61F6281DF9B29B000F95E4 /* Release */,
			);
			defaultConfigurationIsVisible = 0;
			defaultConfigurationName = Release;
		};
		3F61F6291DF9B29B000F95E4 /* Build configuration list for PBXNativeTarget "ZennerGuesser" */ = {
			isa = XCConfigurationList;
			buildConfigurations = (
				3F61F62A1DF9B29B000F95E4 /* Debug */,
				3F61F62B1DF9B29B000F95E4 /* Release */,
			);
			defaultConfigurationIsVisible = 0;
			defaultConfigurationName = Release;
		};
/* End XCConfigurationList section */
	};
	rootObject = 3F61F6091DF9B29A000F95E4 /* Project object */;
}
